
Microsoft Visual Studio Solution File, Format Version 12.00
# Visual Studio 15
Project("{FAE04EC0-301F-11D3-BF4B-00C04F79EFBC}") = "KuUtils", "KuUtils\KuUtils.csproj", "{0113192D-B6DB-49E5-A96F-F58C79084DA3}"
EndProject
Project("{FAE04EC0-301F-11D3-BF4B-00C04F79EFBC}") = "Sakai", "Sakai\Sakai.csproj", "{0637DCDA-683E-4383-AE61-31138A3D74A2}"
EndProject
Project("{FAE04EC0-301F-11D3-BF4B-00C04F79EFBC}") = "Kulasis", "Kulasis\Kulasis.csproj", "{E1E1B453-AB30-4AF3-AA50-7AD9786623FA}"
EndProject
Global
	GlobalSection(SolutionConfigurationPlatforms) = preSolution
		Debug|Any CPU = Debug|Any CPU
		Release|Any CPU = Release|Any CPU
	EndGlobalSection
	GlobalSection(ProjectConfigurationPlatforms) = postSolution
		{0113192D-B6DB-49E5-A96F-F58C79084DA3}.Debug|Any CPU.ActiveCfg = Debug|Any CPU
		{0113192D-B6DB-49E5-A96F-F58C79084DA3}.Debug|Any CPU.Build.0 = Debug|Any CPU
		{0113192D-B6DB-49E5-A96F-F58C79084DA3}.Release|Any CPU.ActiveCfg = Release|Any CPU
		{0113192D-B6DB-49E5-A96F-F58C79084DA3}.Release|Any CPU.Build.0 = Release|Any CPU
		{0637DCDA-683E-4383-AE61-31138A3D74A2}.Debug|Any CPU.ActiveCfg = Debug|Any CPU
		{0637DCDA-683E-4383-AE61-31138A3D74A2}.Debug|Any CPU.Build.0 = Debug|Any CPU
		{0637DCDA-683E-4383-AE61-31138A3D74A2}.Release|Any CPU.ActiveCfg = Release|Any CPU
		{0637DCDA-683E-4383-AE61-31138A3D74A2}.Release|Any CPU.Build.0 = Release|Any CPU
		{E1E1B453-AB30-4AF3-AA50-7AD9786623FA}.Debug|Any CPU.ActiveCfg = Debug|Any CPU
		{E1E1B453-AB30-4AF3-AA50-7AD9786623FA}.Debug|Any CPU.Build.0 = Debug|Any CPU
		{E1E1B453-AB30-4AF3-AA50-7AD9786623FA}.Release|Any CPU.ActiveCfg = Release|Any CPU
		{E1E1B453-AB30-4AF3-AA50-7AD9786623FA}.Release|Any CPU.Build.0 = Release|Any CPU
	EndGlobalSection
EndGlobal
